
Microsoft Visual Studio Solution File, Format Version 12.00
# Visual Studio Version 16
VisualStudioVersion = 16.0.31424.327
MinimumVisualStudioVersion = 10.0.40219.1
Project("{FAE04EC0-301F-11D3-BF4B-00C04F79EFBC}") = "HangfireTest", "HangfireTest.csproj", "{883E8107-12F7-4C17-93F7-9BB1757D5B1D}"
EndProject
Global
	GlobalSection(SolutionConfigurationPlatforms) = preSolution
		Debug|Any CPU = Debug|Any CPU
		Release|Any CPU = Release|Any CPU
	EndGlobalSection
	GlobalSection(ProjectConfigurationPlatforms) = postSolution
		{883E8107-12F7-4C17-93F7-9BB1757D5B1D}.Debug|Any CPU.ActiveCfg = Debug|Any CPU
		{883E8107-12F7-4C17-93F7-9BB1757D5B1D}.Debug|Any CPU.Build.0 = Debug|Any CPU
		{883E8107-12F7-4C17-93F7-9BB1757D5B1D}.Release|Any CPU.ActiveCfg = Release|Any CPU
		{883E8107-12F7-4C17-93F7-9BB1757D5B1D}.Release|Any CPU.Build.0 = Release|Any CPU
	EndGlobalSection
	GlobalSection(SolutionProperties) = preSolution
		HideSolutionNode = FALSE
	EndGlobalSection
	GlobalSection(ExtensibilityGlobals) = postSolution
		SolutionGuid = {F38F68DB-886A-448D-9E93-20189133A6D0}
	EndGlobalSection
EndGlobal
